
Microsoft Visual Studio Solution File, Format Version 12.00
# Visual Studio Version 16
VisualStudioVersion = 16.0.29613.14
MinimumVisualStudioVersion = 10.0.40219.1
Project("{FAE04EC0-301F-11D3-BF4B-00C04F79EFBC}") = "Lottoprojekt", "Lottoprojekt.csproj", "{882BE70E-2614-4DF0-A1E8-1D394219FE4C}"
EndProject
Global
	GlobalSection(SolutionConfigurationPlatforms) = preSolution
		Debug|Any CPU = Debug|Any CPU
		Release|Any CPU = Release|Any CPU
	EndGlobalSection
	GlobalSection(ProjectConfigurationPlatforms) = postSolution
		{882BE70E-2614-4DF0-A1E8-1D394219FE4C}.Debug|Any CPU.ActiveCfg = Debug|Any CPU
		{882BE70E-2614-4DF0-A1E8-1D394219FE4C}.Debug|Any CPU.Build.0 = Debug|Any CPU
		{882BE70E-2614-4DF0-A1E8-1D394219FE4C}.Release|Any CPU.ActiveCfg = Release|Any CPU
		{882BE70E-2614-4DF0-A1E8-1D394219FE4C}.Release|Any CPU.Build.0 = Release|Any CPU
	EndGlobalSection
	GlobalSection(SolutionProperties) = preSolution
		HideSolutionNode = FALSE
	EndGlobalSection
	GlobalSection(ExtensibilityGlobals) = postSolution
		SolutionGuid = {2DCDF28B-7A70-422B-9A26-414AFB17AB5A}
	EndGlobalSection
EndGlobal
